// !$*UTF8*$!
{
	archiveVersion = 1;
	classes = {
	};
	objectVersion = 56;
	objects = {

/* Begin PBXBuildFile section */
		D84DACDE298A874A00378C06 /* AppDelegate.swift in Sources */ = {isa = PBXBuildFile; fileRef = D84DACDD298A874A00378C06 /* AppDelegate.swift */; };
		D84DACE0298A874A00378C06 /* SceneDelegate.swift in Sources */ = {isa = PBXBuildFile; fileRef = D84DACDF298A874A00378C06 /* SceneDelegate.swift */; };
		D84DACE2298A874A00378C06 /* ViewController.swift in Sources */ = {isa = PBXBuildFile; fileRef = D84DACE1298A874A00378C06 /* ViewController.swift */; };
		D84DACE5298A874A00378C06 /* Main.storyboard in Resources */ = {isa = PBXBuildFile; fileRef = D84DACE3298A874A00378C06 /* Main.storyboard */; };
		D84DACE7298A874B00378C06 /* Assets.xcassets in Resources */ = {isa = PBXBuildFile; fileRef = D84DACE6298A874B00378C06 /* Assets.xcassets */; };
		D84DACEA298A874B00378C06 /* LaunchScreen.storyboard in Resources */ = {isa = PBXBuildFile; fileRef = D84DACE8298A874B00378C06 /* LaunchScreen.storyboard */; };
		D84DAD12298A8AEA00378C06 /* MyAppUIKit.docc in Sources */ = {isa = PBXBuildFile; fileRef = D84DAD11298A8AEA00378C06 /* MyAppUIKit.docc */; };
		D84DAD18298A8AEB00378C06 /* MyAppUIKit.framework in Frameworks */ = {isa = PBXBuildFile; fileRef = D84DAD0E298A8AEA00378C06 /* MyAppUIKit.framework */; };
		D84DAD1F298A8AEB00378C06 /* MyAppUIKitTests.swift in Sources */ = {isa = PBXBuildFile; fileRef = D84DAD1E298A8AEB00378C06 /* MyAppUIKitTests.swift */; };
		D84DAD20298A8AEB00378C06 /* MyAppUIKit.h in Headers */ = {isa = PBXBuildFile; fileRef = D84DAD10298A8AEA00378C06 /* MyAppUIKit.h */; settings = {ATTRIBUTES = (Public, ); }; };
		D84DAD23298A8AEB00378C06 /* MyAppUIKit.framework in Frameworks */ = {isa = PBXBuildFile; fileRef = D84DAD0E298A8AEA00378C06 /* MyAppUIKit.framework */; };
		D84DAD24298A8AEB00378C06 /* MyAppUIKit.framework in Embed Frameworks */ = {isa = PBXBuildFile; fileRef = D84DAD0E298A8AEA00378C06 /* MyAppUIKit.framework */; settings = {ATTRIBUTES = (CodeSignOnCopy, RemoveHeadersOnCopy, ); }; };
		D84DAD35298A8B5000378C06 /* APIUIKit.docc in Sources */ = {isa = PBXBuildFile; fileRef = D84DAD34298A8B5000378C06 /* APIUIKit.docc */; };
		D84DAD3B298A8B5000378C06 /* APIUIKit.framework in Frameworks */ = {isa = PBXBuildFile; fileRef = D84DAD31298A8B5000378C06 /* APIUIKit.framework */; };
		D84DAD42298A8B5000378C06 /* APIUIKitTests.swift in Sources */ = {isa = PBXBuildFile; fileRef = D84DAD41298A8B5000378C06 /* APIUIKitTests.swift */; };
		D84DAD43298A8B5000378C06 /* APIUIKit.h in Headers */ = {isa = PBXBuildFile; fileRef = D84DAD33298A8B5000378C06 /* APIUIKit.h */; settings = {ATTRIBUTES = (Public, ); }; };
		D84DAD46298A8B5000378C06 /* APIUIKit.framework in Frameworks */ = {isa = PBXBuildFile; fileRef = D84DAD31298A8B5000378C06 /* APIUIKit.framework */; };
		D84DAD47298A8B5000378C06 /* APIUIKit.framework in Embed Frameworks */ = {isa = PBXBuildFile; fileRef = D84DAD31298A8B5000378C06 /* APIUIKit.framework */; settings = {ATTRIBUTES = (CodeSignOnCopy, RemoveHeadersOnCopy, ); }; };
		D84DAD4F298A8B6500378C06 /* APICaller.swift in Sources */ = {isa = PBXBuildFile; fileRef = D84DAD4E298A8B6500378C06 /* APICaller.swift */; };
		D84DAD51298A8B9200378C06 /* CoursesViewController.swift in Sources */ = {isa = PBXBuildFile; fileRef = D84DAD50298A8B9200378C06 /* CoursesViewController.swift */; };
/* End PBXBuildFile section */

/* Begin PBXContainerItemProxy section */
		D84DAD19298A8AEB00378C06 /* PBXContainerItemProxy */ = {
			isa = PBXContainerItemProxy;
			containerPortal = D84DACD2298A874A00378C06 /* Project object */;
			proxyType = 1;
			remoteGlobalIDString = D84DAD0D298A8AEA00378C06;
			remoteInfo = MyAppUIKit;
		};
		D84DAD1B298A8AEB00378C06 /* PBXContainerItemProxy */ = {
			isa = PBXContainerItemProxy;
			containerPortal = D84DACD2298A874A00378C06 /* Project object */;
			proxyType = 1;
			remoteGlobalIDString = D84DACD9298A874A00378C06;
			remoteInfo = DI;
		};
		D84DAD21298A8AEB00378C06 /* PBXContainerItemProxy */ = {
			isa = PBXContainerItemProxy;
			containerPortal = D84DACD2298A874A00378C06 /* Project object */;
			proxyType = 1;
			remoteGlobalIDString = D84DAD0D298A8AEA00378C06;
			remoteInfo = MyAppUIKit;
		};
		D84DAD3C298A8B5000378C06 /* PBXContainerItemProxy */ = {
			isa = PBXContainerItemProxy;
			containerPortal = D84DACD2298A874A00378C06 /* Project object */;
			proxyType = 1;
			remoteGlobalIDString = D84DAD30298A8B5000378C06;
			remoteInfo = APIUIKit;
		};
		D84DAD3E298A8B5000378C06 /* PBXContainerItemProxy */ = {
			isa = PBXContainerItemProxy;
			containerPortal = D84DACD2298A874A00378C06 /* Project object */;
			proxyType = 1;
			remoteGlobalIDString = D84DACD9298A874A00378C06;
			remoteInfo = DI;
		};
		D84DAD44298A8B5000378C06 /* PBXContainerItemProxy */ = {
			isa = PBXContainerItemProxy;
			containerPortal = D84DACD2298A874A00378C06 /* Project object */;
			proxyType = 1;
			remoteGlobalIDString = D84DAD30298A8B5000378C06;
			remoteInfo = APIUIKit;
		};
/* End PBXContainerItemProxy section */

/* Begin PBXCopyFilesBuildPhase section */
		D84DAD06298A899900378C06 /* Embed Foundation Extensions */ = {
			isa = PBXCopyFilesBuildPhase;
			buildActionMask = 2147483647;
			dstPath = "";
			dstSubfolderSpec = 13;
			files = (
			);
			name = "Embed Foundation Extensions";
			runOnlyForDeploymentPostprocessing = 0;
		};
		D84DAD28298A8AEB00378C06 /* Embed Frameworks */ = {
			isa = PBXCopyFilesBuildPhase;
			buildActionMask = 2147483647;
			dstPath = "";
			dstSubfolderSpec = 10;
			files = (
				D84DAD47298A8B5000378C06 /* APIUIKit.framework in Embed Frameworks */,
				D84DAD24298A8AEB00378C06 /* MyAppUIKit.framework in Embed Frameworks */,
			);
			name = "Embed Frameworks";
			runOnlyForDeploymentPostprocessing = 0;
		};
/* End PBXCopyFilesBuildPhase section */

/* Begin PBXFileReference section */
		D84DACDA298A874A00378C06 /* DI.app */ = {isa = PBXFileReference; explicitFileType = wrapper.application; includeInIndex = 0; path = DI.app; sourceTree = BUILT_PRODUCTS_DIR; };
		D84DACDD298A874A00378C06 /* AppDelegate.swift */ = {isa = PBXFileReference; lastKnownFileType = sourcecode.swift; path = AppDelegate.swift; sourceTree = "<group>"; };
		D84DACDF298A874A00378C06 /* SceneDelegate.swift */ = {isa = PBXFileReference; lastKnownFileType = sourcecode.swift; path = SceneDelegate.swift; sourceTree = "<group>"; };
		D84DACE1298A874A00378C06 /* ViewController.swift */ = {isa = PBXFileReference; lastKnownFileType = sourcecode.swift; path = ViewController.swift; sourceTree = "<group>"; };
		D84DACE4298A874A00378C06 /* Base */ = {isa = PBXFileReference; lastKnownFileType = file.storyboard; name = Base; path = Base.lproj/Main.storyboard; sourceTree = "<group>"; };
		D84DACE6298A874B00378C06 /* Assets.xcassets */ = {isa = PBXFileReference; lastKnownFileType = folder.assetcatalog; path = Assets.xcassets; sourceTree = "<group>"; };
		D84DACE9298A874B00378C06 /* Base */ = {isa = PBXFileReference; lastKnownFileType = file.storyboard; name = Base; path = Base.lproj/LaunchScreen.storyboard; sourceTree = "<group>"; };
		D84DACEB298A874B00378C06 /* Info.plist */ = {isa = PBXFileReference; lastKnownFileType = text.plist.xml; path = Info.plist; sourceTree = "<group>"; };
		D84DACF7298A899900378C06 /* AuthenticationServices.framework */ = {isa = PBXFileReference; lastKnownFileType = wrapper.framework; name = AuthenticationServices.framework; path = System/Library/Frameworks/AuthenticationServices.framework; sourceTree = SDKROOT; };
		D84DAD0E298A8AEA00378C06 /* MyAppUIKit.framework */ = {isa = PBXFileReference; explicitFileType = wrapper.framework; includeInIndex = 0; path = MyAppUIKit.framework; sourceTree = BUILT_PRODUCTS_DIR; };
		D84DAD10298A8AEA00378C06 /* MyAppUIKit.h */ = {isa = PBXFileReference; lastKnownFileType = sourcecode.c.h; path = MyAppUIKit.h; sourceTree = "<group>"; };
		D84DAD11298A8AEA00378C06 /* MyAppUIKit.docc */ = {isa = PBXFileReference; lastKnownFileType = folder.documentationcatalog; path = MyAppUIKit.docc; sourceTree = "<group>"; };
		D84DAD17298A8AEB00378C06 /* MyAppUIKitTests.xctest */ = {isa = PBXFileReference; explicitFileType = wrapper.cfbundle; includeInIndex = 0; path = MyAppUIKitTests.xctest; sourceTree = BUILT_PRODUCTS_DIR; };
		D84DAD1E298A8AEB00378C06 /* MyAppUIKitTests.swift */ = {isa = PBXFileReference; lastKnownFileType = sourcecode.swift; path = MyAppUIKitTests.swift; sourceTree = "<group>"; };
		D84DAD31298A8B5000378C06 /* APIUIKit.framework */ = {isa = PBXFileReference; explicitFileType = wrapper.framework; includeInIndex = 0; path = APIUIKit.framework; sourceTree = BUILT_PRODUCTS_DIR; };
		D84DAD33298A8B5000378C06 /* APIUIKit.h */ = {isa = PBXFileReference; lastKnownFileType = sourcecode.c.h; path = APIUIKit.h; sourceTree = "<group>"; };
		D84DAD34298A8B5000378C06 /* APIUIKit.docc */ = {isa = PBXFileReference; lastKnownFileType = folder.documentationcatalog; path = APIUIKit.docc; sourceTree = "<group>"; };
		D84DAD3A298A8B5000378C06 /* APIUIKitTests.xctest */ = {isa = PBXFileReference; explicitFileType = wrapper.cfbundle; includeInIndex = 0; path = APIUIKitTests.xctest; sourceTree = BUILT_PRODUCTS_DIR; };
		D84DAD41298A8B5000378C06 /* APIUIKitTests.swift */ = {isa = PBXFileReference; lastKnownFileType = sourcecode.swift; path = APIUIKitTests.swift; sourceTree = "<group>"; };
		D84DAD4E298A8B6500378C06 /* APICaller.swift */ = {isa = PBXFileReference; lastKnownFileType = sourcecode.swift; path = APICaller.swift; sourceTree = "<group>"; };
		D84DAD50298A8B9200378C06 /* CoursesViewController.swift */ = {isa = PBXFileReference; lastKnownFileType = sourcecode.swift; path = CoursesViewController.swift; sourceTree = "<group>"; };
/* End PBXFileReference section */

/* Begin PBXFrameworksBuildPhase section */
		D84DACD7298A874A00378C06 /* Frameworks */ = {
			isa = PBXFrameworksBuildPhase;
			buildActionMask = 2147483647;
			files = (
				D84DAD46298A8B5000378C06 /* APIUIKit.framework in Frameworks */,
				D84DAD23298A8AEB00378C06 /* MyAppUIKit.framework in Frameworks */,
			);
			runOnlyForDeploymentPostprocessing = 0;
		};
		D84DAD0B298A8AEA00378C06 /* Frameworks */ = {
			isa = PBXFrameworksBuildPhase;
			buildActionMask = 2147483647;
			files = (
			);
			runOnlyForDeploymentPostprocessing = 0;
		};
		D84DAD14298A8AEB00378C06 /* Frameworks */ = {
			isa = PBXFrameworksBuildPhase;
			buildActionMask = 2147483647;
			files = (
				D84DAD18298A8AEB00378C06 /* MyAppUIKit.framework in Frameworks */,
			);
			runOnlyForDeploymentPostprocessing = 0;
		};
		D84DAD2E298A8B5000378C06 /* Frameworks */ = {
			isa = PBXFrameworksBuildPhase;
			buildActionMask = 2147483647;
			files = (
			);
			runOnlyForDeploymentPostprocessing = 0;
		};
		D84DAD37298A8B5000378C06 /* Frameworks */ = {
			isa = PBXFrameworksBuildPhase;
			buildActionMask = 2147483647;
			files = (
				D84DAD3B298A8B5000378C06 /* APIUIKit.framework in Frameworks */,
			);
			runOnlyForDeploymentPostprocessing = 0;
		};
/* End PBXFrameworksBuildPhase section */

/* Begin PBXGroup section */
		D84DACD1298A874A00378C06 = {
			isa = PBXGroup;
			children = (
				D84DACDC298A874A00378C06 /* DI */,
				D84DAD0F298A8AEA00378C06 /* MyAppUIKit */,
				D84DAD1D298A8AEB00378C06 /* MyAppUIKitTests */,
				D84DAD32298A8B5000378C06 /* APIUIKit */,
				D84DAD40298A8B5000378C06 /* APIUIKitTests */,
				D84DACF6298A899900378C06 /* Frameworks */,
				D84DACDB298A874A00378C06 /* Products */,
			);
			sourceTree = "<group>";
		};
		D84DACDB298A874A00378C06 /* Products */ = {
			isa = PBXGroup;
			children = (
				D84DACDA298A874A00378C06 /* DI.app */,
				D84DAD0E298A8AEA00378C06 /* MyAppUIKit.framework */,
				D84DAD17298A8AEB00378C06 /* MyAppUIKitTests.xctest */,
				D84DAD31298A8B5000378C06 /* APIUIKit.framework */,
				D84DAD3A298A8B5000378C06 /* APIUIKitTests.xctest */,
			);
			name = Products;
			sourceTree = "<group>";
		};
		D84DACDC298A874A00378C06 /* DI */ = {
			isa = PBXGroup;
			children = (
				D84DACDD298A874A00378C06 /* AppDelegate.swift */,
				D84DACDF298A874A00378C06 /* SceneDelegate.swift */,
				D84DACE1298A874A00378C06 /* ViewController.swift */,
				D84DACE3298A874A00378C06 /* Main.storyboard */,
				D84DACE6298A874B00378C06 /* Assets.xcassets */,
				D84DACE8298A874B00378C06 /* LaunchScreen.storyboard */,
				D84DACEB298A874B00378C06 /* Info.plist */,
			);
			path = DI;
			sourceTree = "<group>";
		};
		D84DACF6298A899900378C06 /* Frameworks */ = {
			isa = PBXGroup;
			children = (
				D84DACF7298A899900378C06 /* AuthenticationServices.framework */,
			);
			name = Frameworks;
			sourceTree = "<group>";
		};
		D84DAD0F298A8AEA00378C06 /* MyAppUIKit */ = {
			isa = PBXGroup;
			children = (
				D84DAD10298A8AEA00378C06 /* MyAppUIKit.h */,
				D84DAD11298A8AEA00378C06 /* MyAppUIKit.docc */,
				D84DAD50298A8B9200378C06 /* CoursesViewController.swift */,
			);
			path = MyAppUIKit;
			sourceTree = "<group>";
		};
		D84DAD1D298A8AEB00378C06 /* MyAppUIKitTests */ = {
			isa = PBXGroup;
			children = (
				D84DAD1E298A8AEB00378C06 /* MyAppUIKitTests.swift */,
			);
			path = MyAppUIKitTests;
			sourceTree = "<group>";
		};
		D84DAD32298A8B5000378C06 /* APIUIKit */ = {
			isa = PBXGroup;
			children = (
				D84DAD33298A8B5000378C06 /* APIUIKit.h */,
				D84DAD34298A8B5000378C06 /* APIUIKit.docc */,
				D84DAD4E298A8B6500378C06 /* APICaller.swift */,
			);
			path = APIUIKit;
			sourceTree = "<group>";
		};
		D84DAD40298A8B5000378C06 /* APIUIKitTests */ = {
			isa = PBXGroup;
			children = (
				D84DAD41298A8B5000378C06 /* APIUIKitTests.swift */,
			);
			path = APIUIKitTests;
			sourceTree = "<group>";
		};
/* End PBXGroup section */

/* Begin PBXHeadersBuildPhase section */
		D84DAD09298A8AEA00378C06 /* Headers */ = {
			isa = PBXHeadersBuildPhase;
			buildActionMask = 2147483647;
			files = (
				D84DAD20298A8AEB00378C06 /* MyAppUIKit.h in Headers */,
			);
			runOnlyForDeploymentPostprocessing = 0;
		};
		D84DAD2C298A8B5000378C06 /* Headers */ = {
			isa = PBXHeadersBuildPhase;
			buildActionMask = 2147483647;
			files = (
				D84DAD43298A8B5000378C06 /* APIUIKit.h in Headers */,
			);
			runOnlyForDeploymentPostprocessing = 0;
		};
/* End PBXHeadersBuildPhase section */

/* Begin PBXNativeTarget section */
		D84DACD9298A874A00378C06 /* DI */ = {
			isa = PBXNativeTarget;
			buildConfigurationList = D84DACEE298A874B00378C06 /* Build configuration list for PBXNativeTarget "DI" */;
			buildPhases = (
				D84DACD6298A874A00378C06 /* Sources */,
				D84DACD7298A874A00378C06 /* Frameworks */,
				D84DACD8298A874A00378C06 /* Resources */,
				D84DAD06298A899900378C06 /* Embed Foundation Extensions */,
				D84DAD28298A8AEB00378C06 /* Embed Frameworks */,
			);
			buildRules = (
			);
			dependencies = (
				D84DAD22298A8AEB00378C06 /* PBXTargetDependency */,
				D84DAD45298A8B5000378C06 /* PBXTargetDependency */,
			);
			name = DI;
			productName = DI;
			productReference = D84DACDA298A874A00378C06 /* DI.app */;
			productType = "com.apple.product-type.application";
		};
		D84DAD0D298A8AEA00378C06 /* MyAppUIKit */ = {
			isa = PBXNativeTarget;
			buildConfigurationList = D84DAD25298A8AEB00378C06 /* Build configuration list for PBXNativeTarget "MyAppUIKit" */;
			buildPhases = (
				D84DAD09298A8AEA00378C06 /* Headers */,
				D84DAD0A298A8AEA00378C06 /* Sources */,
				D84DAD0B298A8AEA00378C06 /* Frameworks */,
				D84DAD0C298A8AEA00378C06 /* Resources */,
			);
			buildRules = (
			);
			dependencies = (
			);
			name = MyAppUIKit;
			productName = MyAppUIKit;
			productReference = D84DAD0E298A8AEA00378C06 /* MyAppUIKit.framework */;
			productType = "com.apple.product-type.framework";
		};
		D84DAD16298A8AEB00378C06 /* MyAppUIKitTests */ = {
			isa = PBXNativeTarget;
			buildConfigurationList = D84DAD29298A8AEB00378C06 /* Build configuration list for PBXNativeTarget "MyAppUIKitTests" */;
			buildPhases = (
				D84DAD13298A8AEB00378C06 /* Sources */,
				D84DAD14298A8AEB00378C06 /* Frameworks */,
				D84DAD15298A8AEB00378C06 /* Resources */,
			);
			buildRules = (
			);
			dependencies = (
				D84DAD1A298A8AEB00378C06 /* PBXTargetDependency */,
				D84DAD1C298A8AEB00378C06 /* PBXTargetDependency */,
			);
			name = MyAppUIKitTests;
			productName = MyAppUIKitTests;
			productReference = D84DAD17298A8AEB00378C06 /* MyAppUIKitTests.xctest */;
			productType = "com.apple.product-type.bundle.unit-test";
		};
		D84DAD30298A8B5000378C06 /* APIUIKit */ = {
			isa = PBXNativeTarget;
			buildConfigurationList = D84DAD4C298A8B5000378C06 /* Build configuration list for PBXNativeTarget "APIUIKit" */;
			buildPhases = (
				D84DAD2C298A8B5000378C06 /* Headers */,
				D84DAD2D298A8B5000378C06 /* Sources */,
				D84DAD2E298A8B5000378C06 /* Frameworks */,
				D84DAD2F298A8B5000378C06 /* Resources */,
			);
			buildRules = (
			);
			dependencies = (
			);
			name = APIUIKit;
			productName = APIUIKit;
			productReference = D84DAD31298A8B5000378C06 /* APIUIKit.framework */;
			productType = "com.apple.product-type.framework";
		};
		D84DAD39298A8B5000378C06 /* APIUIKitTests */ = {
			isa = PBXNativeTarget;
			buildConfigurationList = D84DAD4D298A8B5000378C06 /* Build configuration list for PBXNativeTarget "APIUIKitTests" */;
			buildPhases = (
				D84DAD36298A8B5000378C06 /* Sources */,
				D84DAD37298A8B5000378C06 /* Frameworks */,
				D84DAD38298A8B5000378C06 /* Resources */,
			);
			buildRules = (
			);
			dependencies = (
				D84DAD3D298A8B5000378C06 /* PBXTargetDependency */,
				D84DAD3F298A8B5000378C06 /* PBXTargetDependency */,
			);
			name = APIUIKitTests;
			productName = APIUIKitTests;
			productReference = D84DAD3A298A8B5000378C06 /* APIUIKitTests.xctest */;
			productType = "com.apple.product-type.bundle.unit-test";
		};
/* End PBXNativeTarget section */

/* Begin PBXProject section */
		D84DACD2298A874A00378C06 /* Project object */ = {
			isa = PBXProject;
			attributes = {
				BuildIndependentTargetsInParallel = 1;
				LastSwiftUpdateCheck = 1420;
				LastUpgradeCheck = 1420;
				TargetAttributes = {
					D84DACD9298A874A00378C06 = {
						CreatedOnToolsVersion = 14.2;
					};
					D84DAD0D298A8AEA00378C06 = {
						CreatedOnToolsVersion = 14.2;
					};
					D84DAD16298A8AEB00378C06 = {
						CreatedOnToolsVersion = 14.2;
						TestTargetID = D84DACD9298A874A00378C06;
					};
					D84DAD30298A8B5000378C06 = {
						CreatedOnToolsVersion = 14.2;
					};
					D84DAD39298A8B5000378C06 = {
						CreatedOnToolsVersion = 14.2;
						TestTargetID = D84DACD9298A874A00378C06;
					};
				};
			};
			buildConfigurationList = D84DACD5298A874A00378C06 /* Build configuration list for PBXProject "DI" */;
			compatibilityVersion = "Xcode 14.0";
			developmentRegion = en;
			hasScannedForEncodings = 0;
			knownRegions = (
				en,
				Base,
			);
			mainGroup = D84DACD1298A874A00378C06;
			productRefGroup = D84DACDB298A874A00378C06 /* Products */;
			projectDirPath = "";
			projectRoot = "";
			targets = (
				D84DACD9298A874A00378C06 /* DI */,
				D84DAD0D298A8AEA00378C06 /* MyAppUIKit */,
				D84DAD16298A8AEB00378C06 /* MyAppUIKitTests */,
				D84DAD30298A8B5000378C06 /* APIUIKit */,
				D84DAD39298A8B5000378C06 /* APIUIKitTests */,
			);
		};
/* End PBXProject section */

/* Begin PBXResourcesBuildPhase section */
		D84DACD8298A874A00378C06 /* Resources */ = {
			isa = PBXResourcesBuildPhase;
			buildActionMask = 2147483647;
			files = (
				D84DACEA298A874B00378C06 /* LaunchScreen.storyboard in Resources */,
				D84DACE7298A874B00378C06 /* Assets.xcassets in Resources */,
				D84DACE5298A874A00378C06 /* Main.storyboard in Resources */,
			);
			runOnlyForDeploymentPostprocessing = 0;
		};
		D84DAD0C298A8AEA00378C06 /* Resources */ = {
			isa = PBXResourcesBuildPhase;
			buildActionMask = 2147483647;
			files = (
			);
			runOnlyForDeploymentPostprocessing = 0;
		};
		D84DAD15298A8AEB00378C06 /* Resources */ = {
			isa = PBXResourcesBuildPhase;
			buildActionMask = 2147483647;
			files = (
			);
			runOnlyForDeploymentPostprocessing = 0;
		};
		D84DAD2F298A8B5000378C06 /* Resources */ = {
			isa = PBXResourcesBuildPhase;
			buildActionMask = 2147483647;
			files = (
			);
			runOnlyForDeploymentPostprocessing = 0;
		};
		D84DAD38298A8B5000378C06 /* Resources */ = {
			isa = PBXResourcesBuildPhase;
			buildActionMask = 2147483647;
			files = (
			);
			runOnlyForDeploymentPostprocessing = 0;
		};
/* End PBXResourcesBuildPhase section */

/* Begin PBXSourcesBuildPhase section */
		D84DACD6298A874A00378C06 /* Sources */ = {
			isa = PBXSourcesBuildPhase;
			buildActionMask = 2147483647;
			files = (
				D84DACE2298A874A00378C06 /* ViewController.swift in Sources */,
				D84DACDE298A874A00378C06 /* AppDelegate.swift in Sources */,
				D84DACE0298A874A00378C06 /* SceneDelegate.swift in Sources */,
			);
			runOnlyForDeploymentPostprocessing = 0;
		};
		D84DAD0A298A8AEA00378C06 /* Sources */ = {
			isa = PBXSourcesBuildPhase;
			buildActionMask = 2147483647;
			files = (
				D84DAD12298A8AEA00378C06 /* MyAppUIKit.docc in Sources */,
				D84DAD51298A8B9200378C06 /* CoursesViewController.swift in Sources */,
			);
			runOnlyForDeploymentPostprocessing = 0;
		};
		D84DAD13298A8AEB00378C06 /* Sources */ = {
			isa = PBXSourcesBuildPhase;
			buildActionMask = 2147483647;
			files = (
				D84DAD1F298A8AEB00378C06 /* MyAppUIKitTests.swift in Sources */,
			);
			runOnlyForDeploymentPostprocessing = 0;
		};
		D84DAD2D298A8B5000378C06 /* Sources */ = {
			isa = PBXSourcesBuildPhase;
			buildActionMask = 2147483647;
			files = (
				D84DAD35298A8B5000378C06 /* APIUIKit.docc in Sources */,
				D84DAD4F298A8B6500378C06 /* APICaller.swift in Sources */,
			);
			runOnlyForDeploymentPostprocessing = 0;
		};
		D84DAD36298A8B5000378C06 /* Sources */ = {
			isa = PBXSourcesBuildPhase;
			buildActionMask = 2147483647;
			files = (
				D84DAD42298A8B5000378C06 /* APIUIKitTests.swift in Sources */,
			);
			runOnlyForDeploymentPostprocessing = 0;
		};
/* End PBXSourcesBuildPhase section */

/* Begin PBXTargetDependency section */
		D84DAD1A298A8AEB00378C06 /* PBXTargetDependency */ = {
			isa = PBXTargetDependency;
			target = D84DAD0D298A8AEA00378C06 /* MyAppUIKit */;
			targetProxy = D84DAD19298A8AEB00378C06 /* PBXContainerItemProxy */;
		};
		D84DAD1C298A8AEB00378C06 /* PBXTargetDependency */ = {
			isa = PBXTargetDependency;
			target = D84DACD9298A874A00378C06 /* DI */;
			targetProxy = D84DAD1B298A8AEB00378C06 /* PBXContainerItemProxy */;
		};
		D84DAD22298A8AEB00378C06 /* PBXTargetDependency */ = {
			isa = PBXTargetDependency;
			target = D84DAD0D298A8AEA00378C06 /* MyAppUIKit */;
			targetProxy = D84DAD21298A8AEB00378C06 /* PBXContainerItemProxy */;
		};
		D84DAD3D298A8B5000378C06 /* PBXTargetDependency */ = {
			isa = PBXTargetDependency;
			target = D84DAD30298A8B5000378C06 /* APIUIKit */;
			targetProxy = D84DAD3C298A8B5000378C06 /* PBXContainerItemProxy */;
		};
		D84DAD3F298A8B5000378C06 /* PBXTargetDependency */ = {
			isa = PBXTargetDependency;
			target = D84DACD9298A874A00378C06 /* DI */;
			targetProxy = D84DAD3E298A8B5000378C06 /* PBXContainerItemProxy */;
		};
		D84DAD45298A8B5000378C06 /* PBXTargetDependency */ = {
			isa = PBXTargetDependency;
			target = D84DAD30298A8B5000378C06 /* APIUIKit */;
			targetProxy = D84DAD44298A8B5000378C06 /* PBXContainerItemProxy */;
		};
/* End PBXTargetDependency section */

/* Begin PBXVariantGroup section */
		D84DACE3298A874A00378C06 /* Main.storyboard */ = {
			isa = PBXVariantGroup;
			children = (
				D84DACE4298A874A00378C06 /* Base */,
			);
			name = Main.storyboard;
			sourceTree = "<group>";
		};
		D84DACE8298A874B00378C06 /* LaunchScreen.storyboard */ = {
			isa = PBXVariantGroup;
			children = (
				D84DACE9298A874B00378C06 /* Base */,
			);
			name = LaunchScreen.storyboard;
			sourceTree = "<group>";
		};
/* End PBXVariantGroup section */

/* Begin XCBuildConfiguration section */
		D84DACEC298A874B00378C06 /* Debug */ = {
			isa = XCBuildConfiguration;
			buildSettings = {
				ALWAYS_SEARCH_USER_PATHS = NO;
				CLANG_ANALYZER_NONNULL = YES;
				CLANG_ANALYZER_NUMBER_OBJECT_CONVERSION = YES_AGGRESSIVE;
				CLANG_CXX_LANGUAGE_STANDARD = "gnu++20";
				CLANG_ENABLE_MODULES = YES;
				CLANG_ENABLE_OBJC_ARC = YES;
				CLANG_ENABLE_OBJC_WEAK = YES;
				CLANG_WARN_BLOCK_CAPTURE_AUTORELEASING = YES;
				CLANG_WARN_BOOL_CONVERSION = YES;
				CLANG_WARN_COMMA = YES;
				CLANG_WARN_CONSTANT_CONVERSION = YES;
				CLANG_WARN_DEPRECATED_OBJC_IMPLEMENTATIONS = YES;
				CLANG_WARN_DIRECT_OBJC_ISA_USAGE = YES_ERROR;
				CLANG_WARN_DOCUMENTATION_COMMENTS = YES;
				CLANG_WARN_EMPTY_BODY = YES;
				CLANG_WARN_ENUM_CONVERSION = YES;
				CLANG_WARN_INFINITE_RECURSION = YES;
				CLANG_WARN_INT_CONVERSION = YES;
				CLANG_WARN_NON_LITERAL_NULL_CONVERSION = YES;
				CLANG_WARN_OBJC_IMPLICIT_RETAIN_SELF = YES;
				CLANG_WARN_OBJC_LITERAL_CONVERSION = YES;
				CLANG_WARN_OBJC_ROOT_CLASS = YES_ERROR;
				CLANG_WARN_QUOTED_INCLUDE_IN_FRAMEWORK_HEADER = YES;
				CLANG_WARN_RANGE_LOOP_ANALYSIS = YES;
				CLANG_WARN_STRICT_PROTOTYPES = YES;
				CLANG_WARN_SUSPICIOUS_MOVE = YES;
				CLANG_WARN_UNGUARDED_AVAILABILITY = YES_AGGRESSIVE;
				CLANG_WARN_UNREACHABLE_CODE = YES;
				CLANG_WARN__DUPLICATE_METHOD_MATCH = YES;
				COPY_PHASE_STRIP = NO;
				DEBUG_INFORMATION_FORMAT = dwarf;
				ENABLE_STRICT_OBJC_MSGSEND = YES;
				ENABLE_TESTABILITY = YES;
				GCC_C_LANGUAGE_STANDARD = gnu11;
				GCC_DYNAMIC_NO_PIC = NO;
				GCC_NO_COMMON_BLOCKS = YES;
				GCC_OPTIMIZATION_LEVEL = 0;
				GCC_PREPROCESSOR_DEFINITIONS = (
					"DEBUG=1",
					"$(inherited)",
				);
				GCC_WARN_64_TO_32_BIT_CONVERSION = YES;
				GCC_WARN_ABOUT_RETURN_TYPE = YES_ERROR;
				GCC_WARN_UNDECLARED_SELECTOR = YES;
				GCC_WARN_UNINITIALIZED_AUTOS = YES_AGGRESSIVE;
				GCC_WARN_UNUSED_FUNCTION = YES;
				GCC_WARN_UNUSED_VARIABLE = YES;
				IPHONEOS_DEPLOYMENT_TARGET = 16.2;
				MTL_ENABLE_DEBUG_INFO = INCLUDE_SOURCE;
				MTL_FAST_MATH = YES;
				ONLY_ACTIVE_ARCH = YES;
				SDKROOT = iphoneos;
				SWIFT_ACTIVE_COMPILATION_CONDITIONS = DEBUG;
				SWIFT_OPTIMIZATION_LEVEL = "-Onone";
			};
			name = Debug;
		};
		D84DACED298A874B00378C06 /* Release */ = {
			isa = XCBuildConfiguration;
			buildSettings = {
				ALWAYS_SEARCH_USER_PATHS = NO;
				CLANG_ANALYZER_NONNULL = YES;
				CLANG_ANALYZER_NUMBER_OBJECT_CONVERSION = YES_AGGRESSIVE;
				CLANG_CXX_LANGUAGE_STANDARD = "gnu++20";
				CLANG_ENABLE_MODULES = YES;
				CLANG_ENABLE_OBJC_ARC = YES;
				CLANG_ENABLE_OBJC_WEAK = YES;
				CLANG_WARN_BLOCK_CAPTURE_AUTORELEASING = YES;
				CLANG_WARN_BOOL_CONVERSION = YES;
				CLANG_WARN_COMMA = YES;
				CLANG_WARN_CONSTANT_CONVERSION = YES;
				CLANG_WARN_DEPRECATED_OBJC_IMPLEMENTATIONS = YES;
				CLANG_WARN_DIRECT_OBJC_ISA_USAGE = YES_ERROR;
				CLANG_WARN_DOCUMENTATION_COMMENTS = YES;
				CLANG_WARN_EMPTY_BODY = YES;
				CLANG_WARN_ENUM_CONVERSION = YES;
				CLANG_WARN_INFINITE_RECURSION = YES;
				CLANG_WARN_INT_CONVERSION = YES;
				CLANG_WARN_NON_LITERAL_NULL_CONVERSION = YES;
				CLANG_WARN_OBJC_IMPLICIT_RETAIN_SELF = YES;
				CLANG_WARN_OBJC_LITERAL_CONVERSION = YES;
				CLANG_WARN_OBJC_ROOT_CLASS = YES_ERROR;
				CLANG_WARN_QUOTED_INCLUDE_IN_FRAMEWORK_HEADER = YES;
				CLANG_WARN_RANGE_LOOP_ANALYSIS = YES;
				CLANG_WARN_STRICT_PROTOTYPES = YES;
				CLANG_WARN_SUSPICIOUS_MOVE = YES;
				CLANG_WARN_UNGUARDED_AVAILABILITY = YES_AGGRESSIVE;
				CLANG_WARN_UNREACHABLE_CODE = YES;
				CLANG_WARN__DUPLICATE_METHOD_MATCH = YES;
				COPY_PHASE_STRIP = NO;
				DEBUG_INFORMATION_FORMAT = "dwarf-with-dsym";
				ENABLE_NS_ASSERTIONS = NO;
				ENABLE_STRICT_OBJC_MSGSEND = YES;
				GCC_C_LANGUAGE_STANDARD = gnu11;
				GCC_NO_COMMON_BLOCKS = YES;
				GCC_WARN_64_TO_32_BIT_CONVERSION = YES;
				GCC_WARN_ABOUT_RETURN_TYPE = YES_ERROR;
				GCC_WARN_UNDECLARED_SELECTOR = YES;
				GCC_WARN_UNINITIALIZED_AUTOS = YES_AGGRESSIVE;
				GCC_WARN_UNUSED_FUNCTION = YES;
				GCC_WARN_UNUSED_VARIABLE = YES;
				IPHONEOS_DEPLOYMENT_TARGET = 16.2;
				MTL_ENABLE_DEBUG_INFO = NO;
				MTL_FAST_MATH = YES;
				SDKROOT = iphoneos;
				SWIFT_COMPILATION_MODE = wholemodule;
				SWIFT_OPTIMIZATION_LEVEL = "-O";
				VALIDATE_PRODUCT = YES;
			};
			name = Release;
		};
		D84DACEF298A874B00378C06 /* Debug */ = {
			isa = XCBuildConfiguration;
			buildSettings = {
				ALWAYS_EMBED_SWIFT_STANDARD_LIBRARIES = YES;
				ASSETCATALOG_COMPILER_APPICON_NAME = AppIcon;
				ASSETCATALOG_COMPILER_GLOBAL_ACCENT_COLOR_NAME = AccentColor;
				CODE_SIGN_STYLE = Automatic;
				CURRENT_PROJECT_VERSION = 1;
				GENERATE_INFOPLIST_FILE = YES;
				INFOPLIST_FILE = DI/Info.plist;
				INFOPLIST_KEY_UIApplicationSupportsIndirectInputEvents = YES;
				INFOPLIST_KEY_UILaunchStoryboardName = LaunchScreen;
				INFOPLIST_KEY_UIMainStoryboardFile = Main;
				INFOPLIST_KEY_UISupportedInterfaceOrientations_iPad = "UIInterfaceOrientationPortrait UIInterfaceOrientationPortraitUpsideDown UIInterfaceOrientationLandscapeLeft UIInterfaceOrientationLandscapeRight";
				INFOPLIST_KEY_UISupportedInterfaceOrientations_iPhone = "UIInterfaceOrientationPortrait UIInterfaceOrientationLandscapeLeft UIInterfaceOrientationLandscapeRight";
				LD_RUNPATH_SEARCH_PATHS = (
					"$(inherited)",
					"@executable_path/Frameworks",
				);
				MARKETING_VERSION = 1.0;
				PRODUCT_BUNDLE_IDENTIFIER = rethink.DI;
				PRODUCT_NAME = "$(TARGET_NAME)";
				SWIFT_EMIT_LOC_STRINGS = YES;
				SWIFT_VERSION = 5.0;
				TARGETED_DEVICE_FAMILY = "1,2";
			};
			name = Debug;
		};
		D84DACF0298A874B00378C06 /* Release */ = {
			isa = XCBuildConfiguration;
			buildSettings = {
				ALWAYS_EMBED_SWIFT_STANDARD_LIBRARIES = YES;
				ASSETCATALOG_COMPILER_APPICON_NAME = AppIcon;
				ASSETCATALOG_COMPILER_GLOBAL_ACCENT_COLOR_NAME = AccentColor;
				CODE_SIGN_STYLE = Automatic;
				CURRENT_PROJECT_VERSION = 1;
				GENERATE_INFOPLIST_FILE = YES;
				INFOPLIST_FILE = DI/Info.plist;
				INFOPLIST_KEY_UIApplicationSupportsIndirectInputEvents = YES;
				INFOPLIST_KEY_UILaunchStoryboardName = LaunchScreen;
				INFOPLIST_KEY_UIMainStoryboardFile = Main;
				INFOPLIST_KEY_UISupportedInterfaceOrientations_iPad = "UIInterfaceOrientationPortrait UIInterfaceOrientationPortraitUpsideDown UIInterfaceOrientationLandscapeLeft UIInterfaceOrientationLandscapeRight";
				INFOPLIST_KEY_UISupportedInterfaceOrientations_iPhone = "UIInterfaceOrientationPortrait UIInterfaceOrientationLandscapeLeft UIInterfaceOrientationLandscapeRight";
				LD_RUNPATH_SEARCH_PATHS = (
					"$(inherited)",
					"@executable_path/Frameworks",
				);
				MARKETING_VERSION = 1.0;
				PRODUCT_BUNDLE_IDENTIFIER = rethink.DI;
				PRODUCT_NAME = "$(TARGET_NAME)";
				SWIFT_EMIT_LOC_STRINGS = YES;
				SWIFT_VERSION = 5.0;
				TARGETED_DEVICE_FAMILY = "1,2";
			};
			name = Release;
		};
		D84DAD26298A8AEB00378C06 /* Debug */ = {
			isa = XCBuildConfiguration;
			buildSettings = {
				CODE_SIGN_STYLE = Automatic;
				CURRENT_PROJECT_VERSION = 1;
				DEFINES_MODULE = YES;
				DYLIB_COMPATIBILITY_VERSION = 1;
				DYLIB_CURRENT_VERSION = 1;
				DYLIB_INSTALL_NAME_BASE = "@rpath";
				GENERATE_INFOPLIST_FILE = YES;
				INFOPLIST_KEY_NSHumanReadableCopyright = "";
				INSTALL_PATH = "$(LOCAL_LIBRARY_DIR)/Frameworks";
				LD_RUNPATH_SEARCH_PATHS = (
					"$(inherited)",
					"@executable_path/Frameworks",
					"@loader_path/Frameworks",
				);
				MARKETING_VERSION = 1.0;
				PRODUCT_BUNDLE_IDENTIFIER = rethink.MyAppUIKit;
				PRODUCT_NAME = "$(TARGET_NAME:c99extidentifier)";
				SKIP_INSTALL = YES;
				SWIFT_EMIT_LOC_STRINGS = YES;
				SWIFT_VERSION = 5.0;
				TARGETED_DEVICE_FAMILY = "1,2";
				VERSIONING_SYSTEM = "apple-generic";
				VERSION_INFO_PREFIX = "";
			};
			name = Debug;
		};
		D84DAD27298A8AEB00378C06 /* Release */ = {
			isa = XCBuildConfiguration;
			buildSettings = {
				CODE_SIGN_STYLE = Automatic;
				CURRENT_PROJECT_VERSION = 1;
				DEFINES_MODULE = YES;
				DYLIB_COMPATIBILITY_VERSION = 1;
				DYLIB_CURRENT_VERSION = 1;
				DYLIB_INSTALL_NAME_BASE = "@rpath";
				GENERATE_INFOPLIST_FILE = YES;
				INFOPLIST_KEY_NSHumanReadableCopyright = "";
				INSTALL_PATH = "$(LOCAL_LIBRARY_DIR)/Frameworks";
				LD_RUNPATH_SEARCH_PATHS = (
					"$(inherited)",
					"@executable_path/Frameworks",
					"@loader_path/Frameworks",
				);
				MARKETING_VERSION = 1.0;
				PRODUCT_BUNDLE_IDENTIFIER = rethink.MyAppUIKit;
				PRODUCT_NAME = "$(TARGET_NAME:c99extidentifier)";
				SKIP_INSTALL = YES;
				SWIFT_EMIT_LOC_STRINGS = YES;
				SWIFT_VERSION = 5.0;
				TARGETED_DEVICE_FAMILY = "1,2";
				VERSIONING_SYSTEM = "apple-generic";
				VERSION_INFO_PREFIX = "";
			};
			name = Release;
		};
		D84DAD2A298A8AEB00378C06 /* Debug */ = {
			isa = XCBuildConfiguration;
			buildSettings = {
				ALWAYS_EMBED_SWIFT_STANDARD_LIBRARIES = YES;
				CODE_SIGN_STYLE = Automatic;
				CURRENT_PROJECT_VERSION = 1;
				GENERATE_INFOPLIST_FILE = YES;
				MARKETING_VERSION = 1.0;
				PRODUCT_BUNDLE_IDENTIFIER = rethink.MyAppUIKitTests;
				PRODUCT_NAME = "$(TARGET_NAME)";
				SWIFT_EMIT_LOC_STRINGS = NO;
				SWIFT_VERSION = 5.0;
				TARGETED_DEVICE_FAMILY = "1,2";
				TEST_HOST = "$(BUILT_PRODUCTS_DIR)/DI.app/$(BUNDLE_EXECUTABLE_FOLDER_PATH)/DI";
			};
			name = Debug;
		};
		D84DAD2B298A8AEB00378C06 /* Release */ = {
			isa = XCBuildConfiguration;
			buildSettings = {
				ALWAYS_EMBED_SWIFT_STANDARD_LIBRARIES = YES;
				CODE_SIGN_STYLE = Automatic;
				CURRENT_PROJECT_VERSION = 1;
				GENERATE_INFOPLIST_FILE = YES;
				MARKETING_VERSION = 1.0;
				PRODUCT_BUNDLE_IDENTIFIER = rethink.MyAppUIKitTests;
				PRODUCT_NAME = "$(TARGET_NAME)";
				SWIFT_EMIT_LOC_STRINGS = NO;
				SWIFT_VERSION = 5.0;
				TARGETED_DEVICE_FAMILY = "1,2";
				TEST_HOST = "$(BUILT_PRODUCTS_DIR)/DI.app/$(BUNDLE_EXECUTABLE_FOLDER_PATH)/DI";
			};
			name = Release;
		};
		D84DAD48298A8B5000378C06 /* Debug */ = {
			isa = XCBuildConfiguration;
			buildSettings = {
				CODE_SIGN_STYLE = Automatic;
				CURRENT_PROJECT_VERSION = 1;
				DEFINES_MODULE = YES;
				DYLIB_COMPATIBILITY_VERSION = 1;
				DYLIB_CURRENT_VERSION = 1;
				DYLIB_INSTALL_NAME_BASE = "@rpath";
				GENERATE_INFOPLIST_FILE = YES;
				INFOPLIST_KEY_NSHumanReadableCopyright = "";
				INSTALL_PATH = "$(LOCAL_LIBRARY_DIR)/Frameworks";
				LD_RUNPATH_SEARCH_PATHS = (
					"$(inherited)",
					"@executable_path/Frameworks",
					"@loader_path/Frameworks",
				);
				MARKETING_VERSION = 1.0;
				PRODUCT_BUNDLE_IDENTIFIER = rethink.APIUIKit;
				PRODUCT_NAME = "$(TARGET_NAME:c99extidentifier)";
				SKIP_INSTALL = YES;
				SWIFT_EMIT_LOC_STRINGS = YES;
				SWIFT_VERSION = 5.0;
				TARGETED_DEVICE_FAMILY = "1,2";
				VERSIONING_SYSTEM = "apple-generic";
				VERSION_INFO_PREFIX = "";
			};
			name = Debug;
		};
		D84DAD49298A8B5000378C06 /* Release */ = {
			isa = XCBuildConfiguration;
			buildSettings = {
				CODE_SIGN_STYLE = Automatic;
				CURRENT_PROJECT_VERSION = 1;
				DEFINES_MODULE = YES;
				DYLIB_COMPATIBILITY_VERSION = 1;
				DYLIB_CURRENT_VERSION = 1;
				DYLIB_INSTALL_NAME_BASE = "@rpath";
				GENERATE_INFOPLIST_FILE = YES;
				INFOPLIST_KEY_NSHumanReadableCopyright = "";
				INSTALL_PATH = "$(LOCAL_LIBRARY_DIR)/Frameworks";
				LD_RUNPATH_SEARCH_PATHS = (
					"$(inherited)",
					"@executable_path/Frameworks",
					"@loader_path/Frameworks",
				);
				MARKETING_VERSION = 1.0;
				PRODUCT_BUNDLE_IDENTIFIER = rethink.APIUIKit;
				PRODUCT_NAME = "$(TARGET_NAME:c99extidentifier)";
				SKIP_INSTALL = YES;
				SWIFT_EMIT_LOC_STRINGS = YES;
				SWIFT_VERSION = 5.0;
				TARGETED_DEVICE_FAMILY = "1,2";
				VERSIONING_SYSTEM = "apple-generic";
				VERSION_INFO_PREFIX = "";
			};
			name = Release;
		};
		D84DAD4A298A8B5000378C06 /* Debug */ = {
			isa = XCBuildConfiguration;
			buildSettings = {
				ALWAYS_EMBED_SWIFT_STANDARD_LIBRARIES = YES;
				CODE_SIGN_STYLE = Automatic;
				CURRENT_PROJECT_VERSION = 1;
				GENERATE_INFOPLIST_FILE = YES;
				MARKETING_VERSION = 1.0;
				PRODUCT_BUNDLE_IDENTIFIER = rethink.APIUIKitTests;
				PRODUCT_NAME = "$(TARGET_NAME)";
				SWIFT_EMIT_LOC_STRINGS = NO;
				SWIFT_VERSION = 5.0;
				TARGETED_DEVICE_FAMILY = "1,2";
				TEST_HOST = "$(BUILT_PRODUCTS_DIR)/DI.app/$(BUNDLE_EXECUTABLE_FOLDER_PATH)/DI";
			};
			name = Debug;
		};
		D84DAD4B298A8B5000378C06 /* Release */ = {
			isa = XCBuildConfiguration;
			buildSettings = {
				ALWAYS_EMBED_SWIFT_STANDARD_LIBRARIES = YES;
				CODE_SIGN_STYLE = Automatic;
				CURRENT_PROJECT_VERSION = 1;
				GENERATE_INFOPLIST_FILE = YES;
				MARKETING_VERSION = 1.0;
				PRODUCT_BUNDLE_IDENTIFIER = rethink.APIUIKitTests;
				PRODUCT_NAME = "$(TARGET_NAME)";
				SWIFT_EMIT_LOC_STRINGS = NO;
				SWIFT_VERSION = 5.0;
				TARGETED_DEVICE_FAMILY = "1,2";
				TEST_HOST = "$(BUILT_PRODUCTS_DIR)/DI.app/$(BUNDLE_EXECUTABLE_FOLDER_PATH)/DI";
			};
			name = Release;
		};
/* End XCBuildConfiguration section */

/* Begin XCConfigurationList section */
		D84DACD5298A874A00378C06 /* Build configuration list for PBXProject "DI" */ = {
			isa = XCConfigurationList;
			buildConfigurations = (
				D84DACEC298A874B00378C06 /* Debug */,
				D84DACED298A874B00378C06 /* Release */,
			);
			defaultConfigurationIsVisible = 0;
			defaultConfigurationName = Release;
		};
		D84DACEE298A874B00378C06 /* Build configuration list for PBXNativeTarget "DI" */ = {
			isa = XCConfigurationList;
			buildConfigurations = (
				D84DACEF298A874B00378C06 /* Debug */,
				D84DACF0298A874B00378C06 /* Release */,
			);
			defaultConfigurationIsVisible = 0;
			defaultConfigurationName = Release;
		};
		D84DAD25298A8AEB00378C06 /* Build configuration list for PBXNativeTarget "MyAppUIKit" */ = {
			isa = XCConfigurationList;
			buildConfigurations = (
				D84DAD26298A8AEB00378C06 /* Debug */,
				D84DAD27298A8AEB00378C06 /* Release */,
			);
			defaultConfigurationIsVisible = 0;
			defaultConfigurationName = Release;
		};
		D84DAD29298A8AEB00378C06 /* Build configuration list for PBXNativeTarget "MyAppUIKitTests" */ = {
			isa = XCConfigurationList;
			buildConfigurations = (
				D84DAD2A298A8AEB00378C06 /* Debug */,
				D84DAD2B298A8AEB00378C06 /* Release */,
			);
			defaultConfigurationIsVisible = 0;
			defaultConfigurationName = Release;
		};
		D84DAD4C298A8B5000378C06 /* Build configuration list for PBXNativeTarget "APIUIKit" */ = {
			isa = XCConfigurationList;
			buildConfigurations = (
				D84DAD48298A8B5000378C06 /* Debug */,
				D84DAD49298A8B5000378C06 /* Release */,
			);
			defaultConfigurationIsVisible = 0;
			defaultConfigurationName = Release;
		};
		D84DAD4D298A8B5000378C06 /* Build configuration list for PBXNativeTarget "APIUIKitTests" */ = {
			isa = XCConfigurationList;
			buildConfigurations = (
				D84DAD4A298A8B5000378C06 /* Debug */,
				D84DAD4B298A8B5000378C06 /* Release */,
			);
			defaultConfigurationIsVisible = 0;
			defaultConfigurationName = Release;
		};
/* End XCConfigurationList section */
	};
	rootObject = D84DACD2298A874A00378C06 /* Project object */;
}
